# This file is automatically @generated by Cargo.
# It is not intended for manual editing.
version = 3

[[package]]
name = "five8_const"
version = "0.1.4"
source = "registry+https://github.com/rust-lang/crates.io-index"
checksum = "26dec3da8bc3ef08f2c04f61eab298c3ab334523e55f076354d6d6f613799a7b"
dependencies = [
 "five8_core",
]

[[package]]
name = "five8_core"
version = "0.1.2"
source = "registry+https://github.com/rust-lang/crates.io-index"
checksum = "2551bf44bc5f776c15044b9b94153a00198be06743e262afaaa61f11ac7523a5"

[[package]]
name = "pinocchio"
version = "0.8.0"
source = "registry+https://github.com/rust-lang/crates.io-index"
checksum = "2281a8e9e947c480ce0b64e2d6c6349d72890ba5db6503d5568edf96f304cba9"

[[package]]
name = "pinocchio"
version = "0.8.0"
source = "git+https://github.com/0xRigel/pinocchio?branch=feature/instruction-introspection#c969885d6f1b9ea94b25550385ae325a632fc9ee"

[[package]]
name = "pinocchio-pubkey"
version = "0.2.4"
source = "registry+https://github.com/rust-lang/crates.io-index"
checksum = "0c6b20fcebc172c3cd3f54114b0241b48fa8e30893ced2eb4927aaba5e3a0ba5"
dependencies = [
 "five8_const",
 "pinocchio 0.8.0 (registry+https://github.com/rust-lang/crates.io-index)",
]

[[package]]
name = "pinocchio-system"
version = "0.2.2"
source = "registry+https://github.com/rust-lang/crates.io-index"
checksum = "ee1e06182bee542854db81640d0782143751a0e98331a7c67148ccb1c932acd7"
dependencies = [
 "pinocchio 0.8.0 (registry+https://github.com/rust-lang/crates.io-index)",
 "pinocchio-pubkey",
]

[[package]]
name = "pinocchio_instructions_sysvar_examples"
version = "0.1.0"
dependencies = [
 "pinocchio 0.8.0 (git+https://github.com/0xRigel/pinocchio?branch=feature/instruction-introspection)",
 "pinocchio-system",
]
